
Microsoft Visual Studio Solution File, Format Version 12.00
# Visual Studio Version 17
VisualStudioVersion = 17.14.36915.13 d17.14
MinimumVisualStudioVersion = 10.0.40219.1
Project("{FAE04EC0-301F-11D3-BF4B-00C04F79EFBC}") = "actividad 10,13", "actividad 10,13.csproj", "{5CD8C08C-D365-4918-A72D-CE851D03D637}"
EndProject
Global
	GlobalSection(SolutionConfigurationPlatforms) = preSolution
		Debug|Any CPU = Debug|Any CPU
		Release|Any CPU = Release|Any CPU
	EndGlobalSection
	GlobalSection(ProjectConfigurationPlatforms) = postSolution
		{5CD8C08C-D365-4918-A72D-CE851D03D637}.Debug|Any CPU.ActiveCfg = Debug|Any CPU
		{5CD8C08C-D365-4918-A72D-CE851D03D637}.Debug|Any CPU.Build.0 = Debug|Any CPU
		{5CD8C08C-D365-4918-A72D-CE851D03D637}.Release|Any CPU.ActiveCfg = Release|Any CPU
		{5CD8C08C-D365-4918-A72D-CE851D03D637}.Release|Any CPU.Build.0 = Release|Any CPU
	EndGlobalSection
	GlobalSection(SolutionProperties) = preSolution
		HideSolutionNode = FALSE
	EndGlobalSection
	GlobalSection(ExtensibilityGlobals) = postSolution
		SolutionGuid = {23EA2FFA-27FD-4CF8-B206-A1EE6E05A38E}
	EndGlobalSection
EndGlobal
